<Solution>
  <Folder Name="/src/">
    <Project Path="src/Task0.Data/Task0.Data.csproj" />
    <Project Path="src/Task0.Logic/Task0.Logic.csproj" />
  </Folder>
  <Folder Name="/tests/">
    <Project Path="tests/Task0.Data.Tests/Task0.Data.Tests.csproj" />
    <Project Path="tests/Task0.Logic.Tests/Task0.Logic.Tests.csproj" />
  </Folder>
</Solution>
